// !$*UTF8*$!
{
	archiveVersion = 1;
	classes = {
	};
	objectVersion = 70;
	objects = {

/* Begin PBXBuildFile section */
		613BDE072A1A197D00F375A1 /* SamijzApp.swift in Sources */ = {isa = PBXBuildFile; fileRef = 613BDE062A1A197D00F375A1 /* SamijzApp.swift */; };
		613BDE092A1A197D00F375A1 /* ContentView.swift in Sources */ = {isa = PBXBuildFile; fileRef = 613BDE082A1A197D00F375A1 /* ContentView.swift */; };
		613BDE0B2A1A197E00F375A1 /* Assets.xcassets in Resources */ = {isa = PBXBuildFile; fileRef = 613BDE0A2A1A197E00F375A1 /* Assets.xcassets */; };
		613BDE0E2A1A197E00F375A1 /* Preview Assets.xcassets in Resources */ = {isa = PBXBuildFile; fileRef = 613BDE0D2A1A197E00F375A1 /* Preview Assets.xcassets */; };
		613BDE1A2A1A240F00F375A1 /* Item.swift in Sources */ = {isa = PBXBuildFile; fileRef = 613BDE192A1A240F00F375A1 /* Item.swift */; };
		613BDE1C2A1A4E6B00F375A1 /* MenuSection.swift in Sources */ = {isa = PBXBuildFile; fileRef = 613BDE1B2A1A4E6B00F375A1 /* MenuSection.swift */; };
		613BDE1E2A1A4EDF00F375A1 /* Menu.swift in Sources */ = {isa = PBXBuildFile; fileRef = 613BDE1D2A1A4EDF00F375A1 /* Menu.swift */; };
		613BDE202A1A5A2900F375A1 /* menu.json in Resources */ = {isa = PBXBuildFile; fileRef = 613BDE1F2A1A5A2900F375A1 /* menu.json */; };
		613BDE222A1B4B2300F375A1 /* MenuView.swift in Sources */ = {isa = PBXBuildFile; fileRef = 613BDE212A1B4B2300F375A1 /* MenuView.swift */; };
		613BDE242A1BB09200F375A1 /* CustomiseView.swift in Sources */ = {isa = PBXBuildFile; fileRef = 613BDE232A1BB09200F375A1 /* CustomiseView.swift */; };
		613BDE262A1DF45600F375A1 /* CustomOption.swift in Sources */ = {isa = PBXBuildFile; fileRef = 613BDE252A1DF45600F375A1 /* CustomOption.swift */; };
		613BDE282A21B0F700F375A1 /* Serving.swift in Sources */ = {isa = PBXBuildFile; fileRef = 613BDE272A21B0F700F375A1 /* Serving.swift */; };
		613BDE2A2A21B20F00F375A1 /* FileManager-DocumentsDirectory.swift in Sources */ = {isa = PBXBuildFile; fileRef = 613BDE292A21B20F00F375A1 /* FileManager-DocumentsDirectory.swift */; };
		613BDE2C2A21B29800F375A1 /* Order.swift in Sources */ = {isa = PBXBuildFile; fileRef = 613BDE2B2A21B29800F375A1 /* Order.swift */; };
		613BDE352A24DB0700F375A1 /* Constants.swift in Sources */ = {isa = PBXBuildFile; fileRef = 613BDE342A24DB0700F375A1 /* Constants.swift */; };
		618C2C272E0E693200C522FF /* Serving.swift in Sources */ = {isa = PBXBuildFile; fileRef = 613BDE272A21B0F700F375A1 /* Serving.swift */; };
		618C2C282E0E694A00C522FF /* FileManager-DocumentsDirectory.swift in Sources */ = {isa = PBXBuildFile; fileRef = 613BDE292A21B20F00F375A1 /* FileManager-DocumentsDirectory.swift */; };
		618C2C292E0E695200C522FF /* Item.swift in Sources */ = {isa = PBXBuildFile; fileRef = 613BDE192A1A240F00F375A1 /* Item.swift */; };
		618C2C2A2E0E695A00C522FF /* CustomOption.swift in Sources */ = {isa = PBXBuildFile; fileRef = 613BDE252A1DF45600F375A1 /* CustomOption.swift */; };
		618C2C2C2E0E731900C522FF /* FileOrderStorage.swift in Sources */ = {isa = PBXBuildFile; fileRef = 618C2C2B2E0E730600C522FF /* FileOrderStorage.swift */; };
		61DFC5122E0E62D1004D4905 /* Order.swift in Sources */ = {isa = PBXBuildFile; fileRef = 613BDE2B2A21B29800F375A1 /* Order.swift */; };
/* End PBXBuildFile section */

/* Begin PBXContainerItemProxy section */
		61DFC50D2E0E6277004D4905 /* PBXContainerItemProxy */ = {
			isa = PBXContainerItemProxy;
			containerPortal = 613BDDFB2A1A197D00F375A1 /* Project object */;
			proxyType = 1;
			remoteGlobalIDString = 613BDE022A1A197D00F375A1;
			remoteInfo = Samijz;
		};
/* End PBXContainerItemProxy section */

/* Begin PBXFileReference section */
		613BDE032A1A197D00F375A1 /* Samijz.app */ = {isa = PBXFileReference; explicitFileType = wrapper.application; includeInIndex = 0; path = Samijz.app; sourceTree = BUILT_PRODUCTS_DIR; };
		613BDE062A1A197D00F375A1 /* SamijzApp.swift */ = {isa = PBXFileReference; lastKnownFileType = sourcecode.swift; path = SamijzApp.swift; sourceTree = "<group>"; };
		613BDE082A1A197D00F375A1 /* ContentView.swift */ = {isa = PBXFileReference; lastKnownFileType = sourcecode.swift; path = ContentView.swift; sourceTree = "<group>"; };
		613BDE0A2A1A197E00F375A1 /* Assets.xcassets */ = {isa = PBXFileReference; lastKnownFileType = folder.assetcatalog; path = Assets.xcassets; sourceTree = "<group>"; };
		613BDE0D2A1A197E00F375A1 /* Preview Assets.xcassets */ = {isa = PBXFileReference; lastKnownFileType = folder.assetcatalog; path = "Preview Assets.xcassets"; sourceTree = "<group>"; };
		613BDE192A1A240F00F375A1 /* Item.swift */ = {isa = PBXFileReference; lastKnownFileType = sourcecode.swift; path = Item.swift; sourceTree = "<group>"; };
		613BDE1B2A1A4E6B00F375A1 /* MenuSection.swift */ = {isa = PBXFileReference; lastKnownFileType = sourcecode.swift; path = MenuSection.swift; sourceTree = "<group>"; };
		613BDE1D2A1A4EDF00F375A1 /* Menu.swift */ = {isa = PBXFileReference; lastKnownFileType = sourcecode.swift; path = Menu.swift; sourceTree = "<group>"; };
		613BDE1F2A1A5A2900F375A1 /* menu.json */ = {isa = PBXFileReference; fileEncoding = 4; lastKnownFileType = text.json; path = menu.json; sourceTree = "<group>"; };
		613BDE212A1B4B2300F375A1 /* MenuView.swift */ = {isa = PBXFileReference; lastKnownFileType = sourcecode.swift; path = MenuView.swift; sourceTree = "<group>"; };
		613BDE232A1BB09200F375A1 /* CustomiseView.swift */ = {isa = PBXFileReference; lastKnownFileType = sourcecode.swift; path = CustomiseView.swift; sourceTree = "<group>"; };
		613BDE252A1DF45600F375A1 /* CustomOption.swift */ = {isa = PBXFileReference; lastKnownFileType = sourcecode.swift; path = CustomOption.swift; sourceTree = "<group>"; };
		613BDE272A21B0F700F375A1 /* Serving.swift */ = {isa = PBXFileReference; lastKnownFileType = sourcecode.swift; path = Serving.swift; sourceTree = "<group>"; };
		613BDE292A21B20F00F375A1 /* FileManager-DocumentsDirectory.swift */ = {isa = PBXFileReference; lastKnownFileType = sourcecode.swift; path = "FileManager-DocumentsDirectory.swift"; sourceTree = "<group>"; };
		613BDE2B2A21B29800F375A1 /* Order.swift */ = {isa = PBXFileReference; lastKnownFileType = sourcecode.swift; path = Order.swift; sourceTree = "<group>"; };
		613BDE342A24DB0700F375A1 /* Constants.swift */ = {isa = PBXFileReference; lastKnownFileType = sourcecode.swift; path = Constants.swift; sourceTree = "<group>"; };
		618C2C2B2E0E730600C522FF /* FileOrderStorage.swift */ = {isa = PBXFileReference; lastKnownFileType = sourcecode.swift; path = FileOrderStorage.swift; sourceTree = "<group>"; };
		61DFC5092E0E6277004D4905 /* SamijzTests.xctest */ = {isa = PBXFileReference; explicitFileType = wrapper.cfbundle; includeInIndex = 0; path = SamijzTests.xctest; sourceTree = BUILT_PRODUCTS_DIR; };
/* End PBXFileReference section */

/* Begin PBXFileSystemSynchronizedRootGroup section */
		61DFC50A2E0E6277004D4905 /* SamijzTests */ = {isa = PBXFileSystemSynchronizedRootGroup; explicitFileTypes = {}; explicitFolders = (); path = SamijzTests; sourceTree = "<group>"; };
/* End PBXFileSystemSynchronizedRootGroup section */

/* Begin PBXFrameworksBuildPhase section */
		613BDE002A1A197D00F375A1 /* Frameworks */ = {
			isa = PBXFrameworksBuildPhase;
			buildActionMask = 2147483647;
			files = (
			);
			runOnlyForDeploymentPostprocessing = 0;
		};
		61DFC5062E0E6277004D4905 /* Frameworks */ = {
			isa = PBXFrameworksBuildPhase;
			buildActionMask = 2147483647;
			files = (
			);
			runOnlyForDeploymentPostprocessing = 0;
		};
/* End PBXFrameworksBuildPhase section */

/* Begin PBXGroup section */
		613BDDFA2A1A197D00F375A1 = {
			isa = PBXGroup;
			children = (
				613BDE052A1A197D00F375A1 /* Samijz */,
				61DFC50A2E0E6277004D4905 /* SamijzTests */,
				613BDE042A1A197D00F375A1 /* Products */,
			);
			sourceTree = "<group>";
		};
		613BDE042A1A197D00F375A1 /* Products */ = {
			isa = PBXGroup;
			children = (
				613BDE032A1A197D00F375A1 /* Samijz.app */,
				61DFC5092E0E6277004D4905 /* SamijzTests.xctest */,
			);
			name = Products;
			sourceTree = "<group>";
		};
		613BDE052A1A197D00F375A1 /* Samijz */ = {
			isa = PBXGroup;
			children = (
				618C2C2B2E0E730600C522FF /* FileOrderStorage.swift */,
				613BDE252A1DF45600F375A1 /* CustomOption.swift */,
				613BDE1F2A1A5A2900F375A1 /* menu.json */,
				613BDE062A1A197D00F375A1 /* SamijzApp.swift */,
				61DFC5042E0E5E9E004D4905 /* Views */,
				613BDE272A21B0F700F375A1 /* Serving.swift */,
				613BDE292A21B20F00F375A1 /* FileManager-DocumentsDirectory.swift */,
				613BDE2B2A21B29800F375A1 /* Order.swift */,
				613BDE0A2A1A197E00F375A1 /* Assets.xcassets */,
				613BDE192A1A240F00F375A1 /* Item.swift */,
				613BDE0C2A1A197E00F375A1 /* Preview Content */,
				613BDE1B2A1A4E6B00F375A1 /* MenuSection.swift */,
				613BDE1D2A1A4EDF00F375A1 /* Menu.swift */,
				613BDE342A24DB0700F375A1 /* Constants.swift */,
			);
			path = Samijz;
			sourceTree = "<group>";
		};
		613BDE0C2A1A197E00F375A1 /* Preview Content */ = {
			isa = PBXGroup;
			children = (
				613BDE0D2A1A197E00F375A1 /* Preview Assets.xcassets */,
			);
			path = "Preview Content";
			sourceTree = "<group>";
		};
		61DFC5042E0E5E9E004D4905 /* Views */ = {
			isa = PBXGroup;
			children = (
				613BDE232A1BB09200F375A1 /* CustomiseView.swift */,
				613BDE082A1A197D00F375A1 /* ContentView.swift */,
				613BDE212A1B4B2300F375A1 /* MenuView.swift */,
			);
			path = Views;
			sourceTree = "<group>";
		};
/* End PBXGroup section */

/* Begin PBXNativeTarget section */
		613BDE022A1A197D00F375A1 /* Samijz */ = {
			isa = PBXNativeTarget;
			buildConfigurationList = 613BDE162A1A197E00F375A1 /* Build configuration list for PBXNativeTarget "Samijz" */;
			buildPhases = (
				613BDDFF2A1A197D00F375A1 /* Sources */,
				613BDE002A1A197D00F375A1 /* Frameworks */,
				613BDE012A1A197D00F375A1 /* Resources */,
			);
			buildRules = (
			);
			dependencies = (
			);
			name = Samijz;
			productName = Samijz;
			productReference = 613BDE032A1A197D00F375A1 /* Samijz.app */;
			productType = "com.apple.product-type.application";
		};
		61DFC5082E0E6277004D4905 /* SamijzTests */ = {
			isa = PBXNativeTarget;
			buildConfigurationList = 61DFC50F2E0E6277004D4905 /* Build configuration list for PBXNativeTarget "SamijzTests" */;
			buildPhases = (
				61DFC5052E0E6277004D4905 /* Sources */,
				61DFC5062E0E6277004D4905 /* Frameworks */,
				61DFC5072E0E6277004D4905 /* Resources */,
			);
			buildRules = (
			);
			dependencies = (
				61DFC50E2E0E6277004D4905 /* PBXTargetDependency */,
			);
			fileSystemSynchronizedGroups = (
				61DFC50A2E0E6277004D4905 /* SamijzTests */,
			);
			name = SamijzTests;
			packageProductDependencies = (
			);
			productName = SamijzTests;
			productReference = 61DFC5092E0E6277004D4905 /* SamijzTests.xctest */;
			productType = "com.apple.product-type.bundle.unit-test";
		};
/* End PBXNativeTarget section */

/* Begin PBXProject section */
		613BDDFB2A1A197D00F375A1 /* Project object */ = {
			isa = PBXProject;
			attributes = {
				BuildIndependentTargetsInParallel = 1;
				LastSwiftUpdateCheck = 1630;
				LastUpgradeCheck = 1630;
				TargetAttributes = {
					613BDE022A1A197D00F375A1 = {
						CreatedOnToolsVersion = 14.3;
					};
					61DFC5082E0E6277004D4905 = {
						CreatedOnToolsVersion = 16.3;
						TestTargetID = 613BDE022A1A197D00F375A1;
					};
				};
			};
			buildConfigurationList = 613BDDFE2A1A197D00F375A1 /* Build configuration list for PBXProject "Samijz" */;
			compatibilityVersion = "Xcode 14.0";
			developmentRegion = en;
			hasScannedForEncodings = 0;
			knownRegions = (
				en,
				Base,
			);
			mainGroup = 613BDDFA2A1A197D00F375A1;
			productRefGroup = 613BDE042A1A197D00F375A1 /* Products */;
			projectDirPath = "";
			projectRoot = "";
			targets = (
				613BDE022A1A197D00F375A1 /* Samijz */,
				61DFC5082E0E6277004D4905 /* SamijzTests */,
			);
		};
/* End PBXProject section */

/* Begin PBXResourcesBuildPhase section */
		613BDE012A1A197D00F375A1 /* Resources */ = {
			isa = PBXResourcesBuildPhase;
			buildActionMask = 2147483647;
			files = (
				613BDE202A1A5A2900F375A1 /* menu.json in Resources */,
				613BDE0E2A1A197E00F375A1 /* Preview Assets.xcassets in Resources */,
				613BDE0B2A1A197E00F375A1 /* Assets.xcassets in Resources */,
			);
			runOnlyForDeploymentPostprocessing = 0;
		};
		61DFC5072E0E6277004D4905 /* Resources */ = {
			isa = PBXResourcesBuildPhase;
			buildActionMask = 2147483647;
			files = (
			);
			runOnlyForDeploymentPostprocessing = 0;
		};
/* End PBXResourcesBuildPhase section */

/* Begin PBXSourcesBuildPhase section */
		613BDDFF2A1A197D00F375A1 /* Sources */ = {
			isa = PBXSourcesBuildPhase;
			buildActionMask = 2147483647;
			files = (
				613BDE1E2A1A4EDF00F375A1 /* Menu.swift in Sources */,
				618C2C2C2E0E731900C522FF /* FileOrderStorage.swift in Sources */,
				613BDE262A1DF45600F375A1 /* CustomOption.swift in Sources */,
				613BDE222A1B4B2300F375A1 /* MenuView.swift in Sources */,
				613BDE1A2A1A240F00F375A1 /* Item.swift in Sources */,
				613BDE2C2A21B29800F375A1 /* Order.swift in Sources */,
				613BDE092A1A197D00F375A1 /* ContentView.swift in Sources */,
				613BDE1C2A1A4E6B00F375A1 /* MenuSection.swift in Sources */,
				613BDE2A2A21B20F00F375A1 /* FileManager-DocumentsDirectory.swift in Sources */,
				613BDE242A1BB09200F375A1 /* CustomiseView.swift in Sources */,
				613BDE072A1A197D00F375A1 /* SamijzApp.swift in Sources */,
				613BDE282A21B0F700F375A1 /* Serving.swift in Sources */,
				613BDE352A24DB0700F375A1 /* Constants.swift in Sources */,
			);
			runOnlyForDeploymentPostprocessing = 0;
		};
		61DFC5052E0E6277004D4905 /* Sources */ = {
			isa = PBXSourcesBuildPhase;
			buildActionMask = 2147483647;
			files = (
				61DFC5122E0E62D1004D4905 /* Order.swift in Sources */,
				618C2C282E0E694A00C522FF /* FileManager-DocumentsDirectory.swift in Sources */,
				618C2C272E0E693200C522FF /* Serving.swift in Sources */,
				618C2C2A2E0E695A00C522FF /* CustomOption.swift in Sources */,
				618C2C292E0E695200C522FF /* Item.swift in Sources */,
			);
			runOnlyForDeploymentPostprocessing = 0;
		};
/* End PBXSourcesBuildPhase section */

/* Begin PBXTargetDependency section */
		61DFC50E2E0E6277004D4905 /* PBXTargetDependency */ = {
			isa = PBXTargetDependency;
			target = 613BDE022A1A197D00F375A1 /* Samijz */;
			targetProxy = 61DFC50D2E0E6277004D4905 /* PBXContainerItemProxy */;
		};
/* End PBXTargetDependency section */

/* Begin XCBuildConfiguration section */
		613BDE142A1A197E00F375A1 /* Debug */ = {
			isa = XCBuildConfiguration;
			buildSettings = {
				ALWAYS_SEARCH_USER_PATHS = NO;
				CLANG_ANALYZER_NONNULL = YES;
				CLANG_ANALYZER_NUMBER_OBJECT_CONVERSION = YES_AGGRESSIVE;
				CLANG_CXX_LANGUAGE_STANDARD = "gnu++20";
				CLANG_ENABLE_MODULES = YES;
				CLANG_ENABLE_OBJC_ARC = YES;
				CLANG_ENABLE_OBJC_WEAK = YES;
				CLANG_WARN_BLOCK_CAPTURE_AUTORELEASING = YES;
				CLANG_WARN_BOOL_CONVERSION = YES;
				CLANG_WARN_COMMA = YES;
				CLANG_WARN_CONSTANT_CONVERSION = YES;
				CLANG_WARN_DEPRECATED_OBJC_IMPLEMENTATIONS = YES;
				CLANG_WARN_DIRECT_OBJC_ISA_USAGE = YES_ERROR;
				CLANG_WARN_DOCUMENTATION_COMMENTS = YES;
				CLANG_WARN_EMPTY_BODY = YES;
				CLANG_WARN_ENUM_CONVERSION = YES;
				CLANG_WARN_INFINITE_RECURSION = YES;
				CLANG_WARN_INT_CONVERSION = YES;
				CLANG_WARN_NON_LITERAL_NULL_CONVERSION = YES;
				CLANG_WARN_OBJC_IMPLICIT_RETAIN_SELF = YES;
				CLANG_WARN_OBJC_LITERAL_CONVERSION = YES;
				CLANG_WARN_OBJC_ROOT_CLASS = YES_ERROR;
				CLANG_WARN_QUOTED_INCLUDE_IN_FRAMEWORK_HEADER = YES;
				CLANG_WARN_RANGE_LOOP_ANALYSIS = YES;
				CLANG_WARN_STRICT_PROTOTYPES = YES;
				CLANG_WARN_SUSPICIOUS_MOVE = YES;
				CLANG_WARN_UNGUARDED_AVAILABILITY = YES_AGGRESSIVE;
				CLANG_WARN_UNREACHABLE_CODE = YES;
				CLANG_WARN__DUPLICATE_METHOD_MATCH = YES;
				COPY_PHASE_STRIP = NO;
				DEBUG_INFORMATION_FORMAT = dwarf;
				DEVELOPMENT_TEAM = C256H3ZXQ8;
				ENABLE_STRICT_OBJC_MSGSEND = YES;
				ENABLE_TESTABILITY = YES;
				GCC_C_LANGUAGE_STANDARD = gnu11;
				GCC_DYNAMIC_NO_PIC = NO;
				GCC_NO_COMMON_BLOCKS = YES;
				GCC_OPTIMIZATION_LEVEL = 0;
				GCC_PREPROCESSOR_DEFINITIONS = (
					"DEBUG=1",
					"$(inherited)",
				);
				GCC_WARN_64_TO_32_BIT_CONVERSION = YES;
				GCC_WARN_ABOUT_RETURN_TYPE = YES_ERROR;
				GCC_WARN_UNDECLARED_SELECTOR = YES;
				GCC_WARN_UNINITIALIZED_AUTOS = YES_AGGRESSIVE;
				GCC_WARN_UNUSED_FUNCTION = YES;
				GCC_WARN_UNUSED_VARIABLE = YES;
				IPHONEOS_DEPLOYMENT_TARGET = 16.4;
				MTL_ENABLE_DEBUG_INFO = INCLUDE_SOURCE;
				MTL_FAST_MATH = YES;
				ONLY_ACTIVE_ARCH = YES;
				SDKROOT = iphoneos;
				SWIFT_ACTIVE_COMPILATION_CONDITIONS = DEBUG;
				SWIFT_OPTIMIZATION_LEVEL = "-Onone";
			};
			name = Debug;
		};
		613BDE152A1A197E00F375A1 /* Release */ = {
			isa = XCBuildConfiguration;
			buildSettings = {
				ALWAYS_SEARCH_USER_PATHS = NO;
				CLANG_ANALYZER_NONNULL = YES;
				CLANG_ANALYZER_NUMBER_OBJECT_CONVERSION = YES_AGGRESSIVE;
				CLANG_CXX_LANGUAGE_STANDARD = "gnu++20";
				CLANG_ENABLE_MODULES = YES;
				CLANG_ENABLE_OBJC_ARC = YES;
				CLANG_ENABLE_OBJC_WEAK = YES;
				CLANG_WARN_BLOCK_CAPTURE_AUTORELEASING = YES;
				CLANG_WARN_BOOL_CONVERSION = YES;
				CLANG_WARN_COMMA = YES;
				CLANG_WARN_CONSTANT_CONVERSION = YES;
				CLANG_WARN_DEPRECATED_OBJC_IMPLEMENTATIONS = YES;
				CLANG_WARN_DIRECT_OBJC_ISA_USAGE = YES_ERROR;
				CLANG_WARN_DOCUMENTATION_COMMENTS = YES;
				CLANG_WARN_EMPTY_BODY = YES;
				CLANG_WARN_ENUM_CONVERSION = YES;
				CLANG_WARN_INFINITE_RECURSION = YES;
				CLANG_WARN_INT_CONVERSION = YES;
				CLANG_WARN_NON_LITERAL_NULL_CONVERSION = YES;
				CLANG_WARN_OBJC_IMPLICIT_RETAIN_SELF = YES;
				CLANG_WARN_OBJC_LITERAL_CONVERSION = YES;
				CLANG_WARN_OBJC_ROOT_CLASS = YES_ERROR;
				CLANG_WARN_QUOTED_INCLUDE_IN_FRAMEWORK_HEADER = YES;
				CLANG_WARN_RANGE_LOOP_ANALYSIS = YES;
				CLANG_WARN_STRICT_PROTOTYPES = YES;
				CLANG_WARN_SUSPICIOUS_MOVE = YES;
				CLANG_WARN_UNGUARDED_AVAILABILITY = YES_AGGRESSIVE;
				CLANG_WARN_UNREACHABLE_CODE = YES;
				CLANG_WARN__DUPLICATE_METHOD_MATCH = YES;
				COPY_PHASE_STRIP = NO;
				DEBUG_INFORMATION_FORMAT = "dwarf-with-dsym";
				DEVELOPMENT_TEAM = C256H3ZXQ8;
				ENABLE_NS_ASSERTIONS = NO;
				ENABLE_STRICT_OBJC_MSGSEND = YES;
				GCC_C_LANGUAGE_STANDARD = gnu11;
				GCC_NO_COMMON_BLOCKS = YES;
				GCC_WARN_64_TO_32_BIT_CONVERSION = YES;
				GCC_WARN_ABOUT_RETURN_TYPE = YES_ERROR;
				GCC_WARN_UNDECLARED_SELECTOR = YES;
				GCC_WARN_UNINITIALIZED_AUTOS = YES_AGGRESSIVE;
				GCC_WARN_UNUSED_FUNCTION = YES;
				GCC_WARN_UNUSED_VARIABLE = YES;
				IPHONEOS_DEPLOYMENT_TARGET = 16.4;
				MTL_ENABLE_DEBUG_INFO = NO;
				MTL_FAST_MATH = YES;
				SDKROOT = iphoneos;
				SWIFT_COMPILATION_MODE = wholemodule;
				SWIFT_OPTIMIZATION_LEVEL = "-O";
				VALIDATE_PRODUCT = YES;
			};
			name = Release;
		};
		613BDE172A1A197E00F375A1 /* Debug */ = {
			isa = XCBuildConfiguration;
			buildSettings = {
				ASSETCATALOG_COMPILER_APPICON_NAME = AppIcon;
				ASSETCATALOG_COMPILER_GLOBAL_ACCENT_COLOR_NAME = AccentColor;
				CODE_SIGN_STYLE = Automatic;
				CURRENT_PROJECT_VERSION = 1;
				DEVELOPMENT_ASSET_PATHS = "\"Samijz/Preview Content\"";
				ENABLE_PREVIEWS = YES;
				GENERATE_INFOPLIST_FILE = YES;
				INFOPLIST_KEY_UIApplicationSceneManifest_Generation = YES;
				INFOPLIST_KEY_UIApplicationSupportsIndirectInputEvents = YES;
				INFOPLIST_KEY_UILaunchScreen_Generation = YES;
				INFOPLIST_KEY_UISupportedInterfaceOrientations_iPad = "UIInterfaceOrientationPortrait UIInterfaceOrientationPortraitUpsideDown UIInterfaceOrientationLandscapeLeft UIInterfaceOrientationLandscapeRight";
				INFOPLIST_KEY_UISupportedInterfaceOrientations_iPhone = "UIInterfaceOrientationPortrait UIInterfaceOrientationLandscapeLeft UIInterfaceOrientationLandscapeRight";
				LD_RUNPATH_SEARCH_PATHS = (
					"$(inherited)",
					"@executable_path/Frameworks",
				);
				MARKETING_VERSION = 1.0;
				PRODUCT_BUNDLE_IDENTIFIER = com.illtech.Samijz;
				PRODUCT_NAME = "$(TARGET_NAME)";
				SWIFT_EMIT_LOC_STRINGS = YES;
				SWIFT_VERSION = 5.0;
				TARGETED_DEVICE_FAMILY = "1,2";
			};
			name = Debug;
		};
		613BDE182A1A197E00F375A1 /* Release */ = {
			isa = XCBuildConfiguration;
			buildSettings = {
				ASSETCATALOG_COMPILER_APPICON_NAME = AppIcon;
				ASSETCATALOG_COMPILER_GLOBAL_ACCENT_COLOR_NAME = AccentColor;
				CODE_SIGN_STYLE = Automatic;
				CURRENT_PROJECT_VERSION = 1;
				DEVELOPMENT_ASSET_PATHS = "\"Samijz/Preview Content\"";
				ENABLE_PREVIEWS = YES;
				GENERATE_INFOPLIST_FILE = YES;
				INFOPLIST_KEY_UIApplicationSceneManifest_Generation = YES;
				INFOPLIST_KEY_UIApplicationSupportsIndirectInputEvents = YES;
				INFOPLIST_KEY_UILaunchScreen_Generation = YES;
				INFOPLIST_KEY_UISupportedInterfaceOrientations_iPad = "UIInterfaceOrientationPortrait UIInterfaceOrientationPortraitUpsideDown UIInterfaceOrientationLandscapeLeft UIInterfaceOrientationLandscapeRight";
				INFOPLIST_KEY_UISupportedInterfaceOrientations_iPhone = "UIInterfaceOrientationPortrait UIInterfaceOrientationLandscapeLeft UIInterfaceOrientationLandscapeRight";
				LD_RUNPATH_SEARCH_PATHS = (
					"$(inherited)",
					"@executable_path/Frameworks",
				);
				MARKETING_VERSION = 1.0;
				PRODUCT_BUNDLE_IDENTIFIER = com.illtech.Samijz;
				PRODUCT_NAME = "$(TARGET_NAME)";
				SWIFT_EMIT_LOC_STRINGS = YES;
				SWIFT_VERSION = 5.0;
				TARGETED_DEVICE_FAMILY = "1,2";
			};
			name = Release;
		};
		61DFC5102E0E6277004D4905 /* Debug */ = {
			isa = XCBuildConfiguration;
			buildSettings = {
				ASSETCATALOG_COMPILER_GENERATE_SWIFT_ASSET_SYMBOL_EXTENSIONS = YES;
				BUNDLE_LOADER = "$(TEST_HOST)";
				CODE_SIGN_STYLE = Automatic;
				CURRENT_PROJECT_VERSION = 1;
				ENABLE_USER_SCRIPT_SANDBOXING = YES;
				GCC_C_LANGUAGE_STANDARD = gnu17;
				GENERATE_INFOPLIST_FILE = YES;
				IPHONEOS_DEPLOYMENT_TARGET = 18.4;
				LOCALIZATION_PREFERS_STRING_CATALOGS = YES;
				MARKETING_VERSION = 1.0;
				PRODUCT_BUNDLE_IDENTIFIER = com.apidae.SamijzTests;
				PRODUCT_NAME = "$(TARGET_NAME)";
				SWIFT_ACTIVE_COMPILATION_CONDITIONS = "DEBUG $(inherited)";
				SWIFT_EMIT_LOC_STRINGS = NO;
				SWIFT_VERSION = 5.0;
				TARGETED_DEVICE_FAMILY = "1,2";
				TEST_HOST = "$(BUILT_PRODUCTS_DIR)/Samijz.app/$(BUNDLE_EXECUTABLE_FOLDER_PATH)/Samijz";
			};
			name = Debug;
		};
		61DFC5112E0E6277004D4905 /* Release */ = {
			isa = XCBuildConfiguration;
			buildSettings = {
				ASSETCATALOG_COMPILER_GENERATE_SWIFT_ASSET_SYMBOL_EXTENSIONS = YES;
				BUNDLE_LOADER = "$(TEST_HOST)";
				CODE_SIGN_STYLE = Automatic;
				CURRENT_PROJECT_VERSION = 1;
				ENABLE_USER_SCRIPT_SANDBOXING = YES;
				GCC_C_LANGUAGE_STANDARD = gnu17;
				GENERATE_INFOPLIST_FILE = YES;
				IPHONEOS_DEPLOYMENT_TARGET = 18.4;
				LOCALIZATION_PREFERS_STRING_CATALOGS = YES;
				MARKETING_VERSION = 1.0;
				PRODUCT_BUNDLE_IDENTIFIER = com.apidae.SamijzTests;
				PRODUCT_NAME = "$(TARGET_NAME)";
				SWIFT_EMIT_LOC_STRINGS = NO;
				SWIFT_VERSION = 5.0;
				TARGETED_DEVICE_FAMILY = "1,2";
				TEST_HOST = "$(BUILT_PRODUCTS_DIR)/Samijz.app/$(BUNDLE_EXECUTABLE_FOLDER_PATH)/Samijz";
			};
			name = Release;
		};
/* End XCBuildConfiguration section */

/* Begin XCConfigurationList section */
		613BDDFE2A1A197D00F375A1 /* Build configuration list for PBXProject "Samijz" */ = {
			isa = XCConfigurationList;
			buildConfigurations = (
				613BDE142A1A197E00F375A1 /* Debug */,
				613BDE152A1A197E00F375A1 /* Release */,
			);
			defaultConfigurationIsVisible = 0;
			defaultConfigurationName = Release;
		};
		613BDE162A1A197E00F375A1 /* Build configuration list for PBXNativeTarget "Samijz" */ = {
			isa = XCConfigurationList;
			buildConfigurations = (
				613BDE172A1A197E00F375A1 /* Debug */,
				613BDE182A1A197E00F375A1 /* Release */,
			);
			defaultConfigurationIsVisible = 0;
			defaultConfigurationName = Release;
		};
		61DFC50F2E0E6277004D4905 /* Build configuration list for PBXNativeTarget "SamijzTests" */ = {
			isa = XCConfigurationList;
			buildConfigurations = (
				61DFC5102E0E6277004D4905 /* Debug */,
				61DFC5112E0E6277004D4905 /* Release */,
			);
			defaultConfigurationIsVisible = 0;
			defaultConfigurationName = Release;
		};
/* End XCConfigurationList section */
	};
	rootObject = 613BDDFB2A1A197D00F375A1 /* Project object */;
}
